
Microsoft Visual Studio Solution File, Format Version 12.00
# Visual Studio Version 16
VisualStudioVersion = 16.0.29613.14
MinimumVisualStudioVersion = 10.0.40219.1
Project("{9A19103F-16F7-4668-BE54-9A1E7A4F7556}") = "WebAPI", "MySmartRefrigerator\WebAPI.csproj", "{CB6E2946-9E69-4597-B6D0-4BA0D5FEE4A2}"
EndProject
Project("{FAE04EC0-301F-11D3-BF4B-00C04F79EFBC}") = "Common", "Common\Common.csproj", "{D6B5D9A8-2F9D-4839-8A86-8B5FF53E6C98}"
EndProject
Project("{FAE04EC0-301F-11D3-BF4B-00C04F79EFBC}") = "Tests", "Tests\Tests.csproj", "{9892120C-F941-4D3B-9609-681D5A9AEB43}"
EndProject
Global
	GlobalSection(SolutionConfigurationPlatforms) = preSolution
		Debug|Any CPU = Debug|Any CPU
		Release|Any CPU = Release|Any CPU
	EndGlobalSection
	GlobalSection(ProjectConfigurationPlatforms) = postSolution
		{CB6E2946-9E69-4597-B6D0-4BA0D5FEE4A2}.Debug|Any CPU.ActiveCfg = Debug|Any CPU
		{CB6E2946-9E69-4597-B6D0-4BA0D5FEE4A2}.Debug|Any CPU.Build.0 = Debug|Any CPU
		{CB6E2946-9E69-4597-B6D0-4BA0D5FEE4A2}.Release|Any CPU.ActiveCfg = Release|Any CPU
		{CB6E2946-9E69-4597-B6D0-4BA0D5FEE4A2}.Release|Any CPU.Build.0 = Release|Any CPU
		{D6B5D9A8-2F9D-4839-8A86-8B5FF53E6C98}.Debug|Any CPU.ActiveCfg = Debug|Any CPU
		{D6B5D9A8-2F9D-4839-8A86-8B5FF53E6C98}.Debug|Any CPU.Build.0 = Debug|Any CPU
		{D6B5D9A8-2F9D-4839-8A86-8B5FF53E6C98}.Release|Any CPU.ActiveCfg = Release|Any CPU
		{D6B5D9A8-2F9D-4839-8A86-8B5FF53E6C98}.Release|Any CPU.Build.0 = Release|Any CPU
		{9892120C-F941-4D3B-9609-681D5A9AEB43}.Debug|Any CPU.ActiveCfg = Debug|Any CPU
		{9892120C-F941-4D3B-9609-681D5A9AEB43}.Debug|Any CPU.Build.0 = Debug|Any CPU
		{9892120C-F941-4D3B-9609-681D5A9AEB43}.Release|Any CPU.ActiveCfg = Release|Any CPU
		{9892120C-F941-4D3B-9609-681D5A9AEB43}.Release|Any CPU.Build.0 = Release|Any CPU
	EndGlobalSection
	GlobalSection(SolutionProperties) = preSolution
		HideSolutionNode = FALSE
	EndGlobalSection
	GlobalSection(ExtensibilityGlobals) = postSolution
		SolutionGuid = {14814869-170D-42C2-B22B-934CB4A3028F}
	EndGlobalSection
EndGlobal
